{
  "name": "node-noodles",
  "version": "1.0.0",
  "lockfileVersion": 1,
  "requires": true,
  "dependencies": {
    "motivations": {
      "version": "1.1.2",
      "resolved": "https://registry.npmjs.org/motivations/-/motivations-1.1.2.tgz",
      "integrity": "sha1-SO4SpniUXEHNnyRkEQM8igzSX18="
    }
  }
}
